
Microsoft Visual Studio Solution File, Format Version 12.00
# Visual Studio 15
VisualStudioVersion = 15.0.28010.2003
MinimumVisualStudioVersion = 10.0.40219.1
Project("{FAE04EC0-301F-11D3-BF4B-00C04F79EFBC}") = "EventStore", "EventStore\EventStore.csproj", "{9321BC02-96FB-4D72-BB9E-9B215B4795C2}"
EndProject
Global
	GlobalSection(SolutionConfigurationPlatforms) = preSolution
		Debug|Any CPU = Debug|Any CPU
		Release|Any CPU = Release|Any CPU
	EndGlobalSection
	GlobalSection(ProjectConfigurationPlatforms) = postSolution
		{9321BC02-96FB-4D72-BB9E-9B215B4795C2}.Debug|Any CPU.ActiveCfg = Debug|Any CPU
		{9321BC02-96FB-4D72-BB9E-9B215B4795C2}.Debug|Any CPU.Build.0 = Debug|Any CPU
		{9321BC02-96FB-4D72-BB9E-9B215B4795C2}.Release|Any CPU.ActiveCfg = Release|Any CPU
		{9321BC02-96FB-4D72-BB9E-9B215B4795C2}.Release|Any CPU.Build.0 = Release|Any CPU
	EndGlobalSection
	GlobalSection(SolutionProperties) = preSolution
		HideSolutionNode = FALSE
	EndGlobalSection
	GlobalSection(ExtensibilityGlobals) = postSolution
		SolutionGuid = {628E00F3-11E8-4547-BB2B-1CCBB81D495D}
	EndGlobalSection
EndGlobal
