
Microsoft Visual Studio Solution File, Format Version 12.00
# Visual Studio 15
VisualStudioVersion = 15.0.28010.2003
MinimumVisualStudioVersion = 10.0.40219.1
Project("{FAE04EC0-301F-11D3-BF4B-00C04F79EFBC}") = "MovieStore", "MovieStore\MovieStore.csproj", "{2338DC22-DE2E-4D82-AC18-28FA582A8BE6}"
EndProject
Project("{FAE04EC0-301F-11D3-BF4B-00C04F79EFBC}") = "MovieStore.Tests", "MovieStore.Tests\MovieStore.Tests.csproj", "{F35C74BC-5F39-4D85-803D-949029B658F6}"
EndProject
Global
	GlobalSection(SolutionConfigurationPlatforms) = preSolution
		Debug|Any CPU = Debug|Any CPU
		Release|Any CPU = Release|Any CPU
	EndGlobalSection
	GlobalSection(ProjectConfigurationPlatforms) = postSolution
		{2338DC22-DE2E-4D82-AC18-28FA582A8BE6}.Debug|Any CPU.ActiveCfg = Debug|Any CPU
		{2338DC22-DE2E-4D82-AC18-28FA582A8BE6}.Debug|Any CPU.Build.0 = Debug|Any CPU
		{2338DC22-DE2E-4D82-AC18-28FA582A8BE6}.Release|Any CPU.ActiveCfg = Release|Any CPU
		{2338DC22-DE2E-4D82-AC18-28FA582A8BE6}.Release|Any CPU.Build.0 = Release|Any CPU
		{F35C74BC-5F39-4D85-803D-949029B658F6}.Debug|Any CPU.ActiveCfg = Debug|Any CPU
		{F35C74BC-5F39-4D85-803D-949029B658F6}.Debug|Any CPU.Build.0 = Debug|Any CPU
		{F35C74BC-5F39-4D85-803D-949029B658F6}.Release|Any CPU.ActiveCfg = Release|Any CPU
		{F35C74BC-5F39-4D85-803D-949029B658F6}.Release|Any CPU.Build.0 = Release|Any CPU
	EndGlobalSection
	GlobalSection(SolutionProperties) = preSolution
		HideSolutionNode = FALSE
	EndGlobalSection
	GlobalSection(ExtensibilityGlobals) = postSolution
		SolutionGuid = {1D4E44E3-176B-4A6F-8E76-5ED7B2A6B78D}
	EndGlobalSection
EndGlobal
